
Microsoft Visual Studio Solution File, Format Version 12.00
# Visual Studio 2015
Project("{FAE04EC0-301F-11D3-BF4B-00C04F79EFBC}") = "Match3_New", "Match3_New.csproj", "{CED989AF-3317-584D-25AF-1516BC976F82}"
EndProject
Project("{FAE04EC0-301F-11D3-BF4B-00C04F79EFBC}") = "Match3_New.Editor", "Match3_New.Editor.csproj", "{9BD22720-5A90-6CB9-92D2-BCFE650884DA}"
EndProject
Global
	GlobalSection(SolutionConfigurationPlatforms) = preSolution
		Debug|Any CPU = Debug|Any CPU
		Release|Any CPU = Release|Any CPU
	EndGlobalSection
	GlobalSection(ProjectConfigurationPlatforms) = postSolution
		{CED989AF-3317-584D-25AF-1516BC976F82}.Debug|Any CPU.ActiveCfg = Debug|Any CPU
		{CED989AF-3317-584D-25AF-1516BC976F82}.Debug|Any CPU.Build.0 = Debug|Any CPU
		{CED989AF-3317-584D-25AF-1516BC976F82}.Release|Any CPU.ActiveCfg = Release|Any CPU
		{CED989AF-3317-584D-25AF-1516BC976F82}.Release|Any CPU.Build.0 = Release|Any CPU
		{9BD22720-5A90-6CB9-92D2-BCFE650884DA}.Debug|Any CPU.ActiveCfg = Debug|Any CPU
		{9BD22720-5A90-6CB9-92D2-BCFE650884DA}.Debug|Any CPU.Build.0 = Debug|Any CPU
		{9BD22720-5A90-6CB9-92D2-BCFE650884DA}.Release|Any CPU.ActiveCfg = Release|Any CPU
		{9BD22720-5A90-6CB9-92D2-BCFE650884DA}.Release|Any CPU.Build.0 = Release|Any CPU
	EndGlobalSection
	GlobalSection(SolutionProperties) = preSolution
		HideSolutionNode = FALSE
	EndGlobalSection
EndGlobal
